// !$*UTF8*$!
{
	archiveVersion = 1;
	classes = {
	};
	objectVersion = 50;
	objects = {

/* Begin PBXBuildFile section */
		08580C7420ABB35B0024A294 /* AppDelegate.m in Sources */ = {isa = PBXBuildFile; fileRef = 08580C7320ABB35B0024A294 /* AppDelegate.m */; };
		08580C7720ABB35B0024A294 /* ViewController.m in Sources */ = {isa = PBXBuildFile; fileRef = 08580C7620ABB35B0024A294 /* ViewController.m */; };
		08580C7C20ABB35E0024A294 /* Assets.xcassets in Resources */ = {isa = PBXBuildFile; fileRef = 08580C7B20ABB35E0024A294 /* Assets.xcassets */; };
		08580C7F20ABB35E0024A294 /* LaunchScreen.storyboard in Resources */ = {isa = PBXBuildFile; fileRef = 08580C7D20ABB35E0024A294 /* LaunchScreen.storyboard */; };
		08580C8220ABB35E0024A294 /* main.m in Sources */ = {isa = PBXBuildFile; fileRef = 08580C8120ABB35E0024A294 /* main.m */; };
		08580C8C20ABB35E0024A294 /* AVFoundationStudyTests.m in Sources */ = {isa = PBXBuildFile; fileRef = 08580C8B20ABB35E0024A294 /* AVFoundationStudyTests.m */; };
		08580C9720ABB35E0024A294 /* AVFoundationStudyUITests.m in Sources */ = {isa = PBXBuildFile; fileRef = 08580C9620ABB35E0024A294 /* AVFoundationStudyUITests.m */; };
		08580CA620AC74B60024A294 /* AVNavigationController.m in Sources */ = {isa = PBXBuildFile; fileRef = 08580CA520AC74B60024A294 /* AVNavigationController.m */; };
		08580CA920AC76630024A294 /* AVCameraViewController.m in Sources */ = {isa = PBXBuildFile; fileRef = 08580CA820AC76630024A294 /* AVCameraViewController.m */; };
		08580CAC20AC79350024A294 /* AVCameraPreviewView.m in Sources */ = {isa = PBXBuildFile; fileRef = 08580CAB20AC79340024A294 /* AVCameraPreviewView.m */; };
		767B65CD20AD567F00D154F5 /* AVPhotoCaptureDelegate.m in Sources */ = {isa = PBXBuildFile; fileRef = 767B65CC20AD567E00D154F5 /* AVPhotoCaptureDelegate.m */; };
		769A7B9320DA348C00D44E31 /* IEMosaicView.m in Sources */ = {isa = PBXBuildFile; fileRef = 769A7B9220DA348C00D44E31 /* IEMosaicView.m */; };
		769A7B9620DA37D800D44E31 /* IEMosaicTool.m in Sources */ = {isa = PBXBuildFile; fileRef = 769A7B9520DA37D800D44E31 /* IEMosaicTool.m */; };
		769A7B9920DA3F1D00D44E31 /* IEMosaicToolbar.m in Sources */ = {isa = PBXBuildFile; fileRef = 769A7B9820DA3F1D00D44E31 /* IEMosaicToolbar.m */; };
		769A7B9C20DA46B600D44E31 /* IEEmojiView.m in Sources */ = {isa = PBXBuildFile; fileRef = 769A7B9B20DA46B600D44E31 /* IEEmojiView.m */; };
		769A7B9F20DA4D7800D44E31 /* IETextView.m in Sources */ = {isa = PBXBuildFile; fileRef = 769A7B9E20DA4D7800D44E31 /* IETextView.m */; };
		769A7BA220DA4D9700D44E31 /* IETextToolView.m in Sources */ = {isa = PBXBuildFile; fileRef = 769A7BA120DA4D9700D44E31 /* IETextToolView.m */; };
		76A7BCF620D8F98F00F6DBDF /* world_cup.jpg in Resources */ = {isa = PBXBuildFile; fileRef = 76A7BCF520D8F98F00F6DBDF /* world_cup.jpg */; };
		76A7BCF820D8FDFB00F6DBDF /* world_cup_right.jpg in Resources */ = {isa = PBXBuildFile; fileRef = 76A7BCF720D8FDFB00F6DBDF /* world_cup_right.jpg */; };
		76A7BCFE20D91B9C00F6DBDF /* AVImageEditViewController.m in Sources */ = {isa = PBXBuildFile; fileRef = 76A7BCFB20D91B9B00F6DBDF /* AVImageEditViewController.m */; };
		76A7BCFF20D91B9C00F6DBDF /* ImageEditer.m in Sources */ = {isa = PBXBuildFile; fileRef = 76A7BCFC20D91B9B00F6DBDF /* ImageEditer.m */; };
		76A7BD0220D91D3700F6DBDF /* IESelectColorView.m in Sources */ = {isa = PBXBuildFile; fileRef = 76A7BD0120D91D3700F6DBDF /* IESelectColorView.m */; };
		76A7BD0520D9298C00F6DBDF /* IEScrawlView.m in Sources */ = {isa = PBXBuildFile; fileRef = 76A7BD0420D9298C00F6DBDF /* IEScrawlView.m */; };
		76BCDA8620CE9FAB006B2AF1 /* AVVideoPlayerViewController.m in Sources */ = {isa = PBXBuildFile; fileRef = 76BCDA8520CE9FAB006B2AF1 /* AVVideoPlayerViewController.m */; };
		76BCDA8920CEA03B006B2AF1 /* AVVideoPlayerView.m in Sources */ = {isa = PBXBuildFile; fileRef = 76BCDA8820CEA03B006B2AF1 /* AVVideoPlayerView.m */; };
		76BCDA8B20CEA56B006B2AF1 /* video1.mp4 in Resources */ = {isa = PBXBuildFile; fileRef = 76BCDA8A20CEA56B006B2AF1 /* video1.mp4 */; };
		76BCDA8F20CEADCB006B2AF1 /* UIScreen+easy.m in Sources */ = {isa = PBXBuildFile; fileRef = 76BCDA8E20CEADCB006B2AF1 /* UIScreen+easy.m */; };
		76BCDA9520CEADFA006B2AF1 /* UIColor+easy.m in Sources */ = {isa = PBXBuildFile; fileRef = 76BCDA9420CEADFA006B2AF1 /* UIColor+easy.m */; };
/* End PBXBuildFile section */

/* Begin PBXContainerItemProxy section */
		08580C8820ABB35E0024A294 /* PBXContainerItemProxy */ = {
			isa = PBXContainerItemProxy;
			containerPortal = 08580C6720ABB35B0024A294 /* Project object */;
			proxyType = 1;
			remoteGlobalIDString = 08580C6E20ABB35B0024A294;
			remoteInfo = AVFoundationStudy;
		};
		08580C9320ABB35E0024A294 /* PBXContainerItemProxy */ = {
			isa = PBXContainerItemProxy;
			containerPortal = 08580C6720ABB35B0024A294 /* Project object */;
			proxyType = 1;
			remoteGlobalIDString = 08580C6E20ABB35B0024A294;
			remoteInfo = AVFoundationStudy;
		};
/* End PBXContainerItemProxy section */

/* Begin PBXFileReference section */
		08580C6F20ABB35B0024A294 /* AVFoundationStudy.app */ = {isa = PBXFileReference; explicitFileType = wrapper.application; includeInIndex = 0; path = AVFoundationStudy.app; sourceTree = BUILT_PRODUCTS_DIR; };
		08580C7220ABB35B0024A294 /* AppDelegate.h */ = {isa = PBXFileReference; lastKnownFileType = sourcecode.c.h; path = AppDelegate.h; sourceTree = "<group>"; };
		08580C7320ABB35B0024A294 /* AppDelegate.m */ = {isa = PBXFileReference; lastKnownFileType = sourcecode.c.objc; path = AppDelegate.m; sourceTree = "<group>"; };
		08580C7520ABB35B0024A294 /* ViewController.h */ = {isa = PBXFileReference; lastKnownFileType = sourcecode.c.h; path = ViewController.h; sourceTree = "<group>"; };
		08580C7620ABB35B0024A294 /* ViewController.m */ = {isa = PBXFileReference; lastKnownFileType = sourcecode.c.objc; path = ViewController.m; sourceTree = "<group>"; };
		08580C7B20ABB35E0024A294 /* Assets.xcassets */ = {isa = PBXFileReference; lastKnownFileType = folder.assetcatalog; path = Assets.xcassets; sourceTree = "<group>"; };
		08580C7E20ABB35E0024A294 /* Base */ = {isa = PBXFileReference; lastKnownFileType = file.storyboard; name = Base; path = Base.lproj/LaunchScreen.storyboard; sourceTree = "<group>"; };
		08580C8020ABB35E0024A294 /* Info.plist */ = {isa = PBXFileReference; lastKnownFileType = text.plist.xml; path = Info.plist; sourceTree = "<group>"; };
		08580C8120ABB35E0024A294 /* main.m */ = {isa = PBXFileReference; lastKnownFileType = sourcecode.c.objc; path = main.m; sourceTree = "<group>"; };
		08580C8720ABB35E0024A294 /* AVFoundationStudyTests.xctest */ = {isa = PBXFileReference; explicitFileType = wrapper.cfbundle; includeInIndex = 0; path = AVFoundationStudyTests.xctest; sourceTree = BUILT_PRODUCTS_DIR; };
		08580C8B20ABB35E0024A294 /* AVFoundationStudyTests.m */ = {isa = PBXFileReference; lastKnownFileType = sourcecode.c.objc; path = AVFoundationStudyTests.m; sourceTree = "<group>"; };
		08580C8D20ABB35E0024A294 /* Info.plist */ = {isa = PBXFileReference; lastKnownFileType = text.plist.xml; path = Info.plist; sourceTree = "<group>"; };
		08580C9220ABB35E0024A294 /* AVFoundationStudyUITests.xctest */ = {isa = PBXFileReference; explicitFileType = wrapper.cfbundle; includeInIndex = 0; path = AVFoundationStudyUITests.xctest; sourceTree = BUILT_PRODUCTS_DIR; };
		08580C9620ABB35E0024A294 /* AVFoundationStudyUITests.m */ = {isa = PBXFileReference; lastKnownFileType = sourcecode.c.objc; path = AVFoundationStudyUITests.m; sourceTree = "<group>"; };
		08580C9820ABB35E0024A294 /* Info.plist */ = {isa = PBXFileReference; lastKnownFileType = text.plist.xml; path = Info.plist; sourceTree = "<group>"; };
		08580CA420AC74B60024A294 /* AVNavigationController.h */ = {isa = PBXFileReference; lastKnownFileType = sourcecode.c.h; path = AVNavigationController.h; sourceTree = "<group>"; };
		08580CA520AC74B60024A294 /* AVNavigationController.m */ = {isa = PBXFileReference; lastKnownFileType = sourcecode.c.objc; path = AVNavigationController.m; sourceTree = "<group>"; };
		08580CA720AC76630024A294 /* AVCameraViewController.h */ = {isa = PBXFileReference; lastKnownFileType = sourcecode.c.h; path = AVCameraViewController.h; sourceTree = "<group>"; };
		08580CA820AC76630024A294 /* AVCameraViewController.m */ = {isa = PBXFileReference; lastKnownFileType = sourcecode.c.objc; path = AVCameraViewController.m; sourceTree = "<group>"; };
		08580CAA20AC79340024A294 /* AVCameraPreviewView.h */ = {isa = PBXFileReference; lastKnownFileType = sourcecode.c.h; path = AVCameraPreviewView.h; sourceTree = "<group>"; };
		08580CAB20AC79340024A294 /* AVCameraPreviewView.m */ = {isa = PBXFileReference; lastKnownFileType = sourcecode.c.objc; path = AVCameraPreviewView.m; sourceTree = "<group>"; };
		767B65CB20AD567E00D154F5 /* AVPhotoCaptureDelegate.h */ = {isa = PBXFileReference; lastKnownFileType = sourcecode.c.h; path = AVPhotoCaptureDelegate.h; sourceTree = "<group>"; };
		767B65CC20AD567E00D154F5 /* AVPhotoCaptureDelegate.m */ = {isa = PBXFileReference; lastKnownFileType = sourcecode.c.objc; path = AVPhotoCaptureDelegate.m; sourceTree = "<group>"; };
		769A7B9120DA348C00D44E31 /* IEMosaicView.h */ = {isa = PBXFileReference; lastKnownFileType = sourcecode.c.h; path = IEMosaicView.h; sourceTree = "<group>"; };
		769A7B9220DA348C00D44E31 /* IEMosaicView.m */ = {isa = PBXFileReference; lastKnownFileType = sourcecode.c.objc; path = IEMosaicView.m; sourceTree = "<group>"; };
		769A7B9420DA37D800D44E31 /* IEMosaicTool.h */ = {isa = PBXFileReference; lastKnownFileType = sourcecode.c.h; path = IEMosaicTool.h; sourceTree = "<group>"; };
		769A7B9520DA37D800D44E31 /* IEMosaicTool.m */ = {isa = PBXFileReference; lastKnownFileType = sourcecode.c.objc; path = IEMosaicTool.m; sourceTree = "<group>"; };
		769A7B9720DA3F1D00D44E31 /* IEMosaicToolbar.h */ = {isa = PBXFileReference; lastKnownFileType = sourcecode.c.h; path = IEMosaicToolbar.h; sourceTree = "<group>"; };
		769A7B9820DA3F1D00D44E31 /* IEMosaicToolbar.m */ = {isa = PBXFileReference; lastKnownFileType = sourcecode.c.objc; path = IEMosaicToolbar.m; sourceTree = "<group>"; };
		769A7B9A20DA46B600D44E31 /* IEEmojiView.h */ = {isa = PBXFileReference; lastKnownFileType = sourcecode.c.h; path = IEEmojiView.h; sourceTree = "<group>"; };
		769A7B9B20DA46B600D44E31 /* IEEmojiView.m */ = {isa = PBXFileReference; lastKnownFileType = sourcecode.c.objc; path = IEEmojiView.m; sourceTree = "<group>"; };
		769A7B9D20DA4D7800D44E31 /* IETextView.h */ = {isa = PBXFileReference; lastKnownFileType = sourcecode.c.h; path = IETextView.h; sourceTree = "<group>"; };
		769A7B9E20DA4D7800D44E31 /* IETextView.m */ = {isa = PBXFileReference; lastKnownFileType = sourcecode.c.objc; path = IETextView.m; sourceTree = "<group>"; };
		769A7BA120DA4D9700D44E31 /* IETextToolView.m */ = {isa = PBXFileReference; lastKnownFileType = sourcecode.c.objc; path = IETextToolView.m; sourceTree = "<group>"; };
		769A7BA420DA523D00D44E31 /* IETextToolView.h */ = {isa = PBXFileReference; fileEncoding = 4; lastKnownFileType = sourcecode.c.h; path = IETextToolView.h; sourceTree = "<group>"; };
		76A7BCF520D8F98F00F6DBDF /* world_cup.jpg */ = {isa = PBXFileReference; lastKnownFileType = image.jpeg; path = world_cup.jpg; sourceTree = "<group>"; };
		76A7BCF720D8FDFB00F6DBDF /* world_cup_right.jpg */ = {isa = PBXFileReference; lastKnownFileType = image.jpeg; path = world_cup_right.jpg; sourceTree = "<group>"; };
		76A7BCFA20D91B9B00F6DBDF /* ImageEditer.h */ = {isa = PBXFileReference; fileEncoding = 4; lastKnownFileType = sourcecode.c.h; path = ImageEditer.h; sourceTree = "<group>"; };
		76A7BCFB20D91B9B00F6DBDF /* AVImageEditViewController.m */ = {isa = PBXFileReference; fileEncoding = 4; lastKnownFileType = sourcecode.c.objc; path = AVImageEditViewController.m; sourceTree = "<group>"; };
		76A7BCFC20D91B9B00F6DBDF /* ImageEditer.m */ = {isa = PBXFileReference; fileEncoding = 4; lastKnownFileType = sourcecode.c.objc; path = ImageEditer.m; sourceTree = "<group>"; };
		76A7BCFD20D91B9B00F6DBDF /* AVImageEditViewController.h */ = {isa = PBXFileReference; fileEncoding = 4; lastKnownFileType = sourcecode.c.h; path = AVImageEditViewController.h; sourceTree = "<group>"; };
		76A7BD0020D91D3700F6DBDF /* IESelectColorView.h */ = {isa = PBXFileReference; lastKnownFileType = sourcecode.c.h; path = IESelectColorView.h; sourceTree = "<group>"; };
		76A7BD0120D91D3700F6DBDF /* IESelectColorView.m */ = {isa = PBXFileReference; lastKnownFileType = sourcecode.c.objc; path = IESelectColorView.m; sourceTree = "<group>"; };
		76A7BD0320D9298C00F6DBDF /* IEScrawlView.h */ = {isa = PBXFileReference; lastKnownFileType = sourcecode.c.h; path = IEScrawlView.h; sourceTree = "<group>"; };
		76A7BD0420D9298C00F6DBDF /* IEScrawlView.m */ = {isa = PBXFileReference; lastKnownFileType = sourcecode.c.objc; path = IEScrawlView.m; sourceTree = "<group>"; };
		76BCDA8420CE9FAB006B2AF1 /* AVVideoPlayerViewController.h */ = {isa = PBXFileReference; lastKnownFileType = sourcecode.c.h; path = AVVideoPlayerViewController.h; sourceTree = "<group>"; };
		76BCDA8520CE9FAB006B2AF1 /* AVVideoPlayerViewController.m */ = {isa = PBXFileReference; lastKnownFileType = sourcecode.c.objc; path = AVVideoPlayerViewController.m; sourceTree = "<group>"; };
		76BCDA8720CEA03B006B2AF1 /* AVVideoPlayerView.h */ = {isa = PBXFileReference; lastKnownFileType = sourcecode.c.h; path = AVVideoPlayerView.h; sourceTree = "<group>"; };
		76BCDA8820CEA03B006B2AF1 /* AVVideoPlayerView.m */ = {isa = PBXFileReference; lastKnownFileType = sourcecode.c.objc; path = AVVideoPlayerView.m; sourceTree = "<group>"; };
		76BCDA8A20CEA56B006B2AF1 /* video1.mp4 */ = {isa = PBXFileReference; lastKnownFileType = file; path = video1.mp4; sourceTree = "<group>"; };
		76BCDA8D20CEADCB006B2AF1 /* UIScreen+easy.h */ = {isa = PBXFileReference; fileEncoding = 4; lastKnownFileType = sourcecode.c.h; path = "UIScreen+easy.h"; sourceTree = "<group>"; };
		76BCDA8E20CEADCB006B2AF1 /* UIScreen+easy.m */ = {isa = PBXFileReference; fileEncoding = 4; lastKnownFileType = sourcecode.c.objc; path = "UIScreen+easy.m"; sourceTree = "<group>"; };
		76BCDA9320CEADFA006B2AF1 /* UIColor+easy.h */ = {isa = PBXFileReference; lastKnownFileType = sourcecode.c.h; path = "UIColor+easy.h"; sourceTree = "<group>"; };
		76BCDA9420CEADFA006B2AF1 /* UIColor+easy.m */ = {isa = PBXFileReference; lastKnownFileType = sourcecode.c.objc; path = "UIColor+easy.m"; sourceTree = "<group>"; };
/* End PBXFileReference section */

/* Begin PBXFrameworksBuildPhase section */
		08580C6C20ABB35B0024A294 /* Frameworks */ = {
			isa = PBXFrameworksBuildPhase;
			buildActionMask = 2147483647;
			files = (
			);
			runOnlyForDeploymentPostprocessing = 0;
		};
		08580C8420ABB35E0024A294 /* Frameworks */ = {
			isa = PBXFrameworksBuildPhase;
			buildActionMask = 2147483647;
			files = (
			);
			runOnlyForDeploymentPostprocessing = 0;
		};
		08580C8F20ABB35E0024A294 /* Frameworks */ = {
			isa = PBXFrameworksBuildPhase;
			buildActionMask = 2147483647;
			files = (
			);
			runOnlyForDeploymentPostprocessing = 0;
		};
/* End PBXFrameworksBuildPhase section */

/* Begin PBXGroup section */
		08580C6620ABB35B0024A294 = {
			isa = PBXGroup;
			children = (
				08580C7120ABB35B0024A294 /* AVFoundationStudy */,
				08580C8A20ABB35E0024A294 /* AVFoundationStudyTests */,
				08580C9520ABB35E0024A294 /* AVFoundationStudyUITests */,
				08580C7020ABB35B0024A294 /* Products */,
			);
			sourceTree = "<group>";
		};
		08580C7020ABB35B0024A294 /* Products */ = {
			isa = PBXGroup;
			children = (
				08580C6F20ABB35B0024A294 /* AVFoundationStudy.app */,
				08580C8720ABB35E0024A294 /* AVFoundationStudyTests.xctest */,
				08580C9220ABB35E0024A294 /* AVFoundationStudyUITests.xctest */,
			);
			name = Products;
			sourceTree = "<group>";
		};
		08580C7120ABB35B0024A294 /* AVFoundationStudy */ = {
			isa = PBXGroup;
			children = (
				08580C7220ABB35B0024A294 /* AppDelegate.h */,
				08580C7320ABB35B0024A294 /* AppDelegate.m */,
				08580C7520ABB35B0024A294 /* ViewController.h */,
				08580C7620ABB35B0024A294 /* ViewController.m */,
				08580C7B20ABB35E0024A294 /* Assets.xcassets */,
				08580C7D20ABB35E0024A294 /* LaunchScreen.storyboard */,
				08580C8020ABB35E0024A294 /* Info.plist */,
				08580C8120ABB35E0024A294 /* main.m */,
				08580CA420AC74B60024A294 /* AVNavigationController.h */,
				08580CA520AC74B60024A294 /* AVNavigationController.m */,
				08580CA720AC76630024A294 /* AVCameraViewController.h */,
				08580CA820AC76630024A294 /* AVCameraViewController.m */,
				08580CAA20AC79340024A294 /* AVCameraPreviewView.h */,
				08580CAB20AC79340024A294 /* AVCameraPreviewView.m */,
				767B65CB20AD567E00D154F5 /* AVPhotoCaptureDelegate.h */,
				767B65CC20AD567E00D154F5 /* AVPhotoCaptureDelegate.m */,
				76BCDA8420CE9FAB006B2AF1 /* AVVideoPlayerViewController.h */,
				76BCDA8520CE9FAB006B2AF1 /* AVVideoPlayerViewController.m */,
				76BCDA8720CEA03B006B2AF1 /* AVVideoPlayerView.h */,
				76BCDA8820CEA03B006B2AF1 /* AVVideoPlayerView.m */,
				76A7BCF920D91B9B00F6DBDF /* ImageEdit */,
				76BCDA8C20CEADCB006B2AF1 /* Category */,
				76BCDA8A20CEA56B006B2AF1 /* video1.mp4 */,
				76A7BCF520D8F98F00F6DBDF /* world_cup.jpg */,
				76A7BCF720D8FDFB00F6DBDF /* world_cup_right.jpg */,
			);
			path = AVFoundationStudy;
			sourceTree = "<group>";
		};
		08580C8A20ABB35E0024A294 /* AVFoundationStudyTests */ = {
			isa = PBXGroup;
			children = (
				08580C8B20ABB35E0024A294 /* AVFoundationStudyTests.m */,
				08580C8D20ABB35E0024A294 /* Info.plist */,
			);
			path = AVFoundationStudyTests;
			sourceTree = "<group>";
		};
		08580C9520ABB35E0024A294 /* AVFoundationStudyUITests */ = {
			isa = PBXGroup;
			children = (
				08580C9620ABB35E0024A294 /* AVFoundationStudyUITests.m */,
				08580C9820ABB35E0024A294 /* Info.plist */,
			);
			path = AVFoundationStudyUITests;
			sourceTree = "<group>";
		};
		76A7BCF920D91B9B00F6DBDF /* ImageEdit */ = {
			isa = PBXGroup;
			children = (
				76A7BCFA20D91B9B00F6DBDF /* ImageEditer.h */,
				76A7BCFC20D91B9B00F6DBDF /* ImageEditer.m */,
				76A7BCFB20D91B9B00F6DBDF /* AVImageEditViewController.m */,
				76A7BCFD20D91B9B00F6DBDF /* AVImageEditViewController.h */,
				76A7BD0020D91D3700F6DBDF /* IESelectColorView.h */,
				76A7BD0120D91D3700F6DBDF /* IESelectColorView.m */,
				76A7BD0320D9298C00F6DBDF /* IEScrawlView.h */,
				76A7BD0420D9298C00F6DBDF /* IEScrawlView.m */,
				769A7B9120DA348C00D44E31 /* IEMosaicView.h */,
				769A7B9220DA348C00D44E31 /* IEMosaicView.m */,
				769A7B9420DA37D800D44E31 /* IEMosaicTool.h */,
				769A7B9520DA37D800D44E31 /* IEMosaicTool.m */,
				769A7B9720DA3F1D00D44E31 /* IEMosaicToolbar.h */,
				769A7B9820DA3F1D00D44E31 /* IEMosaicToolbar.m */,
				769A7B9A20DA46B600D44E31 /* IEEmojiView.h */,
				769A7B9B20DA46B600D44E31 /* IEEmojiView.m */,
				769A7B9D20DA4D7800D44E31 /* IETextView.h */,
				769A7B9E20DA4D7800D44E31 /* IETextView.m */,
				769A7BA420DA523D00D44E31 /* IETextToolView.h */,
				769A7BA120DA4D9700D44E31 /* IETextToolView.m */,
			);
			path = ImageEdit;
			sourceTree = "<group>";
		};
		76BCDA8C20CEADCB006B2AF1 /* Category */ = {
			isa = PBXGroup;
			children = (
				76BCDA8D20CEADCB006B2AF1 /* UIScreen+easy.h */,
				76BCDA8E20CEADCB006B2AF1 /* UIScreen+easy.m */,
				76BCDA9320CEADFA006B2AF1 /* UIColor+easy.h */,
				76BCDA9420CEADFA006B2AF1 /* UIColor+easy.m */,
			);
			path = Category;
			sourceTree = "<group>";
		};
/* End PBXGroup section */

/* Begin PBXNativeTarget section */
		08580C6E20ABB35B0024A294 /* AVFoundationStudy */ = {
			isa = PBXNativeTarget;
			buildConfigurationList = 08580C9B20ABB35E0024A294 /* Build configuration list for PBXNativeTarget "AVFoundationStudy" */;
			buildPhases = (
				08580C6B20ABB35B0024A294 /* Sources */,
				08580C6C20ABB35B0024A294 /* Frameworks */,
				08580C6D20ABB35B0024A294 /* Resources */,
			);
			buildRules = (
			);
			dependencies = (
			);
			name = AVFoundationStudy;
			productName = AVFoundationStudy;
			productReference = 08580C6F20ABB35B0024A294 /* AVFoundationStudy.app */;
			productType = "com.apple.product-type.application";
		};
		08580C8620ABB35E0024A294 /* AVFoundationStudyTests */ = {
			isa = PBXNativeTarget;
			buildConfigurationList = 08580C9E20ABB35E0024A294 /* Build configuration list for PBXNativeTarget "AVFoundationStudyTests" */;
			buildPhases = (
				08580C8320ABB35E0024A294 /* Sources */,
				08580C8420ABB35E0024A294 /* Frameworks */,
				08580C8520ABB35E0024A294 /* Resources */,
			);
			buildRules = (
			);
			dependencies = (
				08580C8920ABB35E0024A294 /* PBXTargetDependency */,
			);
			name = AVFoundationStudyTests;
			productName = AVFoundationStudyTests;
			productReference = 08580C8720ABB35E0024A294 /* AVFoundationStudyTests.xctest */;
			productType = "com.apple.product-type.bundle.unit-test";
		};
		08580C9120ABB35E0024A294 /* AVFoundationStudyUITests */ = {
			isa = PBXNativeTarget;
			buildConfigurationList = 08580CA120ABB35E0024A294 /* Build configuration list for PBXNativeTarget "AVFoundationStudyUITests" */;
			buildPhases = (
				08580C8E20ABB35E0024A294 /* Sources */,
				08580C8F20ABB35E0024A294 /* Frameworks */,
				08580C9020ABB35E0024A294 /* Resources */,
			);
			buildRules = (
			);
			dependencies = (
				08580C9420ABB35E0024A294 /* PBXTargetDependency */,
			);
			name = AVFoundationStudyUITests;
			productName = AVFoundationStudyUITests;
			productReference = 08580C9220ABB35E0024A294 /* AVFoundationStudyUITests.xctest */;
			productType = "com.apple.product-type.bundle.ui-testing";
		};
/* End PBXNativeTarget section */

/* Begin PBXProject section */
		08580C6720ABB35B0024A294 /* Project object */ = {
			isa = PBXProject;
			attributes = {
				LastUpgradeCheck = 0930;
				ORGANIZATIONNAME = luoquan;
				TargetAttributes = {
					08580C6E20ABB35B0024A294 = {
						CreatedOnToolsVersion = 9.3;
					};
					08580C8620ABB35E0024A294 = {
						CreatedOnToolsVersion = 9.3;
						TestTargetID = 08580C6E20ABB35B0024A294;
					};
					08580C9120ABB35E0024A294 = {
						CreatedOnToolsVersion = 9.3;
						TestTargetID = 08580C6E20ABB35B0024A294;
					};
				};
			};
			buildConfigurationList = 08580C6A20ABB35B0024A294 /* Build configuration list for PBXProject "AVFoundationStudy" */;
			compatibilityVersion = "Xcode 9.3";
			developmentRegion = en;
			hasScannedForEncodings = 0;
			knownRegions = (
				en,
				Base,
			);
			mainGroup = 08580C6620ABB35B0024A294;
			productRefGroup = 08580C7020ABB35B0024A294 /* Products */;
			projectDirPath = "";
			projectRoot = "";
			targets = (
				08580C6E20ABB35B0024A294 /* AVFoundationStudy */,
				08580C8620ABB35E0024A294 /* AVFoundationStudyTests */,
				08580C9120ABB35E0024A294 /* AVFoundationStudyUITests */,
			);
		};
/* End PBXProject section */

/* Begin PBXResourcesBuildPhase section */
		08580C6D20ABB35B0024A294 /* Resources */ = {
			isa = PBXResourcesBuildPhase;
			buildActionMask = 2147483647;
			files = (
				76BCDA8B20CEA56B006B2AF1 /* video1.mp4 in Resources */,
				08580C7F20ABB35E0024A294 /* LaunchScreen.storyboard in Resources */,
				76A7BCF820D8FDFB00F6DBDF /* world_cup_right.jpg in Resources */,
				08580C7C20ABB35E0024A294 /* Assets.xcassets in Resources */,
				76A7BCF620D8F98F00F6DBDF /* world_cup.jpg in Resources */,
			);
			runOnlyForDeploymentPostprocessing = 0;
		};
		08580C8520ABB35E0024A294 /* Resources */ = {
			isa = PBXResourcesBuildPhase;
			buildActionMask = 2147483647;
			files = (
			);
			runOnlyForDeploymentPostprocessing = 0;
		};
		08580C9020ABB35E0024A294 /* Resources */ = {
			isa = PBXResourcesBuildPhase;
			buildActionMask = 2147483647;
			files = (
			);
			runOnlyForDeploymentPostprocessing = 0;
		};
/* End PBXResourcesBuildPhase section */

/* Begin PBXSourcesBuildPhase section */
		08580C6B20ABB35B0024A294 /* Sources */ = {
			isa = PBXSourcesBuildPhase;
			buildActionMask = 2147483647;
			files = (
				08580C7720ABB35B0024A294 /* ViewController.m in Sources */,
				769A7B9F20DA4D7800D44E31 /* IETextView.m in Sources */,
				76A7BCFE20D91B9C00F6DBDF /* AVImageEditViewController.m in Sources */,
				76BCDA8F20CEADCB006B2AF1 /* UIScreen+easy.m in Sources */,
				769A7B9920DA3F1D00D44E31 /* IEMosaicToolbar.m in Sources */,
				08580CA920AC76630024A294 /* AVCameraViewController.m in Sources */,
				769A7B9C20DA46B600D44E31 /* IEEmojiView.m in Sources */,
				76A7BCFF20D91B9C00F6DBDF /* ImageEditer.m in Sources */,
				769A7B9620DA37D800D44E31 /* IEMosaicTool.m in Sources */,
				08580C8220ABB35E0024A294 /* main.m in Sources */,
				767B65CD20AD567F00D154F5 /* AVPhotoCaptureDelegate.m in Sources */,
				76BCDA8920CEA03B006B2AF1 /* AVVideoPlayerView.m in Sources */,
				76BCDA8620CE9FAB006B2AF1 /* AVVideoPlayerViewController.m in Sources */,
				08580CAC20AC79350024A294 /* AVCameraPreviewView.m in Sources */,
				769A7BA220DA4D9700D44E31 /* IETextToolView.m in Sources */,
				76A7BD0220D91D3700F6DBDF /* IESelectColorView.m in Sources */,
				08580CA620AC74B60024A294 /* AVNavigationController.m in Sources */,
				08580C7420ABB35B0024A294 /* AppDelegate.m in Sources */,
				76A7BD0520D9298C00F6DBDF /* IEScrawlView.m in Sources */,
				769A7B9320DA348C00D44E31 /* IEMosaicView.m in Sources */,
				76BCDA9520CEADFA006B2AF1 /* UIColor+easy.m in Sources */,
			);
			runOnlyForDeploymentPostprocessing = 0;
		};
		08580C8320ABB35E0024A294 /* Sources */ = {
			isa = PBXSourcesBuildPhase;
			buildActionMask = 2147483647;
			files = (
				08580C8C20ABB35E0024A294 /* AVFoundationStudyTests.m in Sources */,
			);
			runOnlyForDeploymentPostprocessing = 0;
		};
		08580C8E20ABB35E0024A294 /* Sources */ = {
			isa = PBXSourcesBuildPhase;
			buildActionMask = 2147483647;
			files = (
				08580C9720ABB35E0024A294 /* AVFoundationStudyUITests.m in Sources */,
			);
			runOnlyForDeploymentPostprocessing = 0;
		};
/* End PBXSourcesBuildPhase section */

/* Begin PBXTargetDependency section */
		08580C8920ABB35E0024A294 /* PBXTargetDependency */ = {
			isa = PBXTargetDependency;
			target = 08580C6E20ABB35B0024A294 /* AVFoundationStudy */;
			targetProxy = 08580C8820ABB35E0024A294 /* PBXContainerItemProxy */;
		};
		08580C9420ABB35E0024A294 /* PBXTargetDependency */ = {
			isa = PBXTargetDependency;
			target = 08580C6E20ABB35B0024A294 /* AVFoundationStudy */;
			targetProxy = 08580C9320ABB35E0024A294 /* PBXContainerItemProxy */;
		};
/* End PBXTargetDependency section */

/* Begin PBXVariantGroup section */
		08580C7D20ABB35E0024A294 /* LaunchScreen.storyboard */ = {
			isa = PBXVariantGroup;
			children = (
				08580C7E20ABB35E0024A294 /* Base */,
			);
			name = LaunchScreen.storyboard;
			sourceTree = "<group>";
		};
/* End PBXVariantGroup section */

/* Begin XCBuildConfiguration section */
		08580C9920ABB35E0024A294 /* Debug */ = {
			isa = XCBuildConfiguration;
			buildSettings = {
				ALWAYS_SEARCH_USER_PATHS = NO;
				CLANG_ANALYZER_NONNULL = YES;
				CLANG_ANALYZER_NUMBER_OBJECT_CONVERSION = YES_AGGRESSIVE;
				CLANG_CXX_LANGUAGE_STANDARD = "gnu++14";
				CLANG_CXX_LIBRARY = "libc++";
				CLANG_ENABLE_MODULES = YES;
				CLANG_ENABLE_OBJC_ARC = YES;
				CLANG_ENABLE_OBJC_WEAK = YES;
				CLANG_WARN_BLOCK_CAPTURE_AUTORELEASING = YES;
				CLANG_WARN_BOOL_CONVERSION = YES;
				CLANG_WARN_COMMA = YES;
				CLANG_WARN_CONSTANT_CONVERSION = YES;
				CLANG_WARN_DEPRECATED_OBJC_IMPLEMENTATIONS = YES;
				CLANG_WARN_DIRECT_OBJC_ISA_USAGE = YES_ERROR;
				CLANG_WARN_DOCUMENTATION_COMMENTS = YES;
				CLANG_WARN_EMPTY_BODY = YES;
				CLANG_WARN_ENUM_CONVERSION = YES;
				CLANG_WARN_INFINITE_RECURSION = YES;
				CLANG_WARN_INT_CONVERSION = YES;
				CLANG_WARN_NON_LITERAL_NULL_CONVERSION = YES;
				CLANG_WARN_OBJC_IMPLICIT_RETAIN_SELF = YES;
				CLANG_WARN_OBJC_LITERAL_CONVERSION = YES;
				CLANG_WARN_OBJC_ROOT_CLASS = YES_ERROR;
				CLANG_WARN_RANGE_LOOP_ANALYSIS = YES;
				CLANG_WARN_STRICT_PROTOTYPES = YES;
				CLANG_WARN_SUSPICIOUS_MOVE = YES;
				CLANG_WARN_UNGUARDED_AVAILABILITY = YES_AGGRESSIVE;
				CLANG_WARN_UNREACHABLE_CODE = YES;
				CLANG_WARN__DUPLICATE_METHOD_MATCH = YES;
				CODE_SIGN_IDENTITY = "iPhone Developer";
				COPY_PHASE_STRIP = NO;
				DEBUG_INFORMATION_FORMAT = dwarf;
				ENABLE_STRICT_OBJC_MSGSEND = YES;
				ENABLE_TESTABILITY = YES;
				GCC_C_LANGUAGE_STANDARD = gnu11;
				GCC_DYNAMIC_NO_PIC = NO;
				GCC_NO_COMMON_BLOCKS = YES;
				GCC_OPTIMIZATION_LEVEL = 0;
				GCC_PREPROCESSOR_DEFINITIONS = (
					"DEBUG=1",
					"$(inherited)",
				);
				GCC_WARN_64_TO_32_BIT_CONVERSION = YES;
				GCC_WARN_ABOUT_RETURN_TYPE = YES_ERROR;
				GCC_WARN_UNDECLARED_SELECTOR = YES;
				GCC_WARN_UNINITIALIZED_AUTOS = YES_AGGRESSIVE;
				GCC_WARN_UNUSED_FUNCTION = YES;
				GCC_WARN_UNUSED_VARIABLE = YES;
				IPHONEOS_DEPLOYMENT_TARGET = 11.3;
				MTL_ENABLE_DEBUG_INFO = YES;
				ONLY_ACTIVE_ARCH = YES;
				SDKROOT = iphoneos;
			};
			name = Debug;
		};
		08580C9A20ABB35E0024A294 /* Release */ = {
			isa = XCBuildConfiguration;
			buildSettings = {
				ALWAYS_SEARCH_USER_PATHS = NO;
				CLANG_ANALYZER_NONNULL = YES;
				CLANG_ANALYZER_NUMBER_OBJECT_CONVERSION = YES_AGGRESSIVE;
				CLANG_CXX_LANGUAGE_STANDARD = "gnu++14";
				CLANG_CXX_LIBRARY = "libc++";
				CLANG_ENABLE_MODULES = YES;
				CLANG_ENABLE_OBJC_ARC = YES;
				CLANG_ENABLE_OBJC_WEAK = YES;
				CLANG_WARN_BLOCK_CAPTURE_AUTORELEASING = YES;
				CLANG_WARN_BOOL_CONVERSION = YES;
				CLANG_WARN_COMMA = YES;
				CLANG_WARN_CONSTANT_CONVERSION = YES;
				CLANG_WARN_DEPRECATED_OBJC_IMPLEMENTATIONS = YES;
				CLANG_WARN_DIRECT_OBJC_ISA_USAGE = YES_ERROR;
				CLANG_WARN_DOCUMENTATION_COMMENTS = YES;
				CLANG_WARN_EMPTY_BODY = YES;
				CLANG_WARN_ENUM_CONVERSION = YES;
				CLANG_WARN_INFINITE_RECURSION = YES;
				CLANG_WARN_INT_CONVERSION = YES;
				CLANG_WARN_NON_LITERAL_NULL_CONVERSION = YES;
				CLANG_WARN_OBJC_IMPLICIT_RETAIN_SELF = YES;
				CLANG_WARN_OBJC_LITERAL_CONVERSION = YES;
				CLANG_WARN_OBJC_ROOT_CLASS = YES_ERROR;
				CLANG_WARN_RANGE_LOOP_ANALYSIS = YES;
				CLANG_WARN_STRICT_PROTOTYPES = YES;
				CLANG_WARN_SUSPICIOUS_MOVE = YES;
				CLANG_WARN_UNGUARDED_AVAILABILITY = YES_AGGRESSIVE;
				CLANG_WARN_UNREACHABLE_CODE = YES;
				CLANG_WARN__DUPLICATE_METHOD_MATCH = YES;
				CODE_SIGN_IDENTITY = "iPhone Developer";
				COPY_PHASE_STRIP = NO;
				DEBUG_INFORMATION_FORMAT = "dwarf-with-dsym";
				ENABLE_NS_ASSERTIONS = NO;
				ENABLE_STRICT_OBJC_MSGSEND = YES;
				GCC_C_LANGUAGE_STANDARD = gnu11;
				GCC_NO_COMMON_BLOCKS = YES;
				GCC_WARN_64_TO_32_BIT_CONVERSION = YES;
				GCC_WARN_ABOUT_RETURN_TYPE = YES_ERROR;
				GCC_WARN_UNDECLARED_SELECTOR = YES;
				GCC_WARN_UNINITIALIZED_AUTOS = YES_AGGRESSIVE;
				GCC_WARN_UNUSED_FUNCTION = YES;
				GCC_WARN_UNUSED_VARIABLE = YES;
				IPHONEOS_DEPLOYMENT_TARGET = 11.3;
				MTL_ENABLE_DEBUG_INFO = NO;
				SDKROOT = iphoneos;
				VALIDATE_PRODUCT = YES;
			};
			name = Release;
		};
		08580C9C20ABB35E0024A294 /* Debug */ = {
			isa = XCBuildConfiguration;
			buildSettings = {
				ASSETCATALOG_COMPILER_APPICON_NAME = AppIcon;
				CODE_SIGN_IDENTITY = "iPhone Developer";
				CODE_SIGN_STYLE = Automatic;
				DEVELOPMENT_TEAM = 733RR644TP;
				INFOPLIST_FILE = AVFoundationStudy/Info.plist;
				IPHONEOS_DEPLOYMENT_TARGET = 10.0;
				LD_RUNPATH_SEARCH_PATHS = (
					"$(inherited)",
					"@executable_path/Frameworks",
				);
				PRODUCT_BUNDLE_IDENTIFIER = com.nchkdxlq.AVFoundationStudy;
				PRODUCT_NAME = "$(TARGET_NAME)";
				PROVISIONING_PROFILE_SPECIFIER = "";
				TARGETED_DEVICE_FAMILY = "1,2";
			};
			name = Debug;
		};
		08580C9D20ABB35E0024A294 /* Release */ = {
			isa = XCBuildConfiguration;
			buildSettings = {
				ASSETCATALOG_COMPILER_APPICON_NAME = AppIcon;
				CODE_SIGN_IDENTITY = "iPhone Developer";
				CODE_SIGN_STYLE = Automatic;
				DEVELOPMENT_TEAM = 733RR644TP;
				INFOPLIST_FILE = AVFoundationStudy/Info.plist;
				IPHONEOS_DEPLOYMENT_TARGET = 10.0;
				LD_RUNPATH_SEARCH_PATHS = (
					"$(inherited)",
					"@executable_path/Frameworks",
				);
				PRODUCT_BUNDLE_IDENTIFIER = com.nchkdxlq.AVFoundationStudy;
				PRODUCT_NAME = "$(TARGET_NAME)";
				PROVISIONING_PROFILE_SPECIFIER = "";
				TARGETED_DEVICE_FAMILY = "1,2";
			};
			name = Release;
		};
		08580C9F20ABB35E0024A294 /* Debug */ = {
			isa = XCBuildConfiguration;
			buildSettings = {
				BUNDLE_LOADER = "$(TEST_HOST)";
				CODE_SIGN_STYLE = Automatic;
				DEVELOPMENT_TEAM = 733RR644TP;
				INFOPLIST_FILE = AVFoundationStudyTests/Info.plist;
				LD_RUNPATH_SEARCH_PATHS = (
					"$(inherited)",
					"@executable_path/Frameworks",
					"@loader_path/Frameworks",
				);
				PRODUCT_BUNDLE_IDENTIFIER = com.nchkdxlq.AVFoundationStudyTests;
				PRODUCT_NAME = "$(TARGET_NAME)";
				TARGETED_DEVICE_FAMILY = "1,2";
				TEST_HOST = "$(BUILT_PRODUCTS_DIR)/AVFoundationStudy.app/AVFoundationStudy";
			};
			name = Debug;
		};
		08580CA020ABB35E0024A294 /* Release */ = {
			isa = XCBuildConfiguration;
			buildSettings = {
				BUNDLE_LOADER = "$(TEST_HOST)";
				CODE_SIGN_STYLE = Automatic;
				DEVELOPMENT_TEAM = 733RR644TP;
				INFOPLIST_FILE = AVFoundationStudyTests/Info.plist;
				LD_RUNPATH_SEARCH_PATHS = (
					"$(inherited)",
					"@executable_path/Frameworks",
					"@loader_path/Frameworks",
				);
				PRODUCT_BUNDLE_IDENTIFIER = com.nchkdxlq.AVFoundationStudyTests;
				PRODUCT_NAME = "$(TARGET_NAME)";
				TARGETED_DEVICE_FAMILY = "1,2";
				TEST_HOST = "$(BUILT_PRODUCTS_DIR)/AVFoundationStudy.app/AVFoundationStudy";
			};
			name = Release;
		};
		08580CA220ABB35E0024A294 /* Debug */ = {
			isa = XCBuildConfiguration;
			buildSettings = {
				CODE_SIGN_STYLE = Automatic;
				DEVELOPMENT_TEAM = 733RR644TP;
				INFOPLIST_FILE = AVFoundationStudyUITests/Info.plist;
				LD_RUNPATH_SEARCH_PATHS = (
					"$(inherited)",
					"@executable_path/Frameworks",
					"@loader_path/Frameworks",
				);
				PRODUCT_BUNDLE_IDENTIFIER = com.nchkdxlq.AVFoundationStudyUITests;
				PRODUCT_NAME = "$(TARGET_NAME)";
				TARGETED_DEVICE_FAMILY = "1,2";
				TEST_TARGET_NAME = AVFoundationStudy;
			};
			name = Debug;
		};
		08580CA320ABB35E0024A294 /* Release */ = {
			isa = XCBuildConfiguration;
			buildSettings = {
				CODE_SIGN_STYLE = Automatic;
				DEVELOPMENT_TEAM = 733RR644TP;
				INFOPLIST_FILE = AVFoundationStudyUITests/Info.plist;
				LD_RUNPATH_SEARCH_PATHS = (
					"$(inherited)",
					"@executable_path/Frameworks",
					"@loader_path/Frameworks",
				);
				PRODUCT_BUNDLE_IDENTIFIER = com.nchkdxlq.AVFoundationStudyUITests;
				PRODUCT_NAME = "$(TARGET_NAME)";
				TARGETED_DEVICE_FAMILY = "1,2";
				TEST_TARGET_NAME = AVFoundationStudy;
			};
			name = Release;
		};
/* End XCBuildConfiguration section */

/* Begin XCConfigurationList section */
		08580C6A20ABB35B0024A294 /* Build configuration list for PBXProject "AVFoundationStudy" */ = {
			isa = XCConfigurationList;
			buildConfigurations = (
				08580C9920ABB35E0024A294 /* Debug */,
				08580C9A20ABB35E0024A294 /* Release */,
			);
			defaultConfigurationIsVisible = 0;
			defaultConfigurationName = Release;
		};
		08580C9B20ABB35E0024A294 /* Build configuration list for PBXNativeTarget "AVFoundationStudy" */ = {
			isa = XCConfigurationList;
			buildConfigurations = (
				08580C9C20ABB35E0024A294 /* Debug */,
				08580C9D20ABB35E0024A294 /* Release */,
			);
			defaultConfigurationIsVisible = 0;
			defaultConfigurationName = Release;
		};
		08580C9E20ABB35E0024A294 /* Build configuration list for PBXNativeTarget "AVFoundationStudyTests" */ = {
			isa = XCConfigurationList;
			buildConfigurations = (
				08580C9F20ABB35E0024A294 /* Debug */,
				08580CA020ABB35E0024A294 /* Release */,
			);
			defaultConfigurationIsVisible = 0;
			defaultConfigurationName = Release;
		};
		08580CA120ABB35E0024A294 /* Build configuration list for PBXNativeTarget "AVFoundationStudyUITests" */ = {
			isa = XCConfigurationList;
			buildConfigurations = (
				08580CA220ABB35E0024A294 /* Debug */,
				08580CA320ABB35E0024A294 /* Release */,
			);
			defaultConfigurationIsVisible = 0;
			defaultConfigurationName = Release;
		};
/* End XCConfigurationList section */
	};
	rootObject = 08580C6720ABB35B0024A294 /* Project object */;
}
